// !$*UTF8*$!
{
	archiveVersion = 1;
	classes = {
	};
	objectVersion = 48;
	objects = {

/* Begin PBXBuildFile section */
		A432A3E61F484CFB008465FA /* AppDelegate.swift in Sources */ = {isa = PBXBuildFile; fileRef = A432A3E51F484CFB008465FA /* AppDelegate.swift */; };
		A432A3E81F484CFB008465FA /* ViewController.swift in Sources */ = {isa = PBXBuildFile; fileRef = A432A3E71F484CFB008465FA /* ViewController.swift */; };
		A432A3EA1F484CFB008465FA /* Assets.xcassets in Resources */ = {isa = PBXBuildFile; fileRef = A432A3E91F484CFB008465FA /* Assets.xcassets */; };
		A432A3ED1F484CFB008465FA /* Main.storyboard in Resources */ = {isa = PBXBuildFile; fileRef = A432A3EB1F484CFB008465FA /* Main.storyboard */; };
/* End PBXBuildFile section */

/* Begin PBXFileReference section */
		A432A3E21F484CFB008465FA /* MultiCursorApp.app */ = {isa = PBXFileReference; explicitFileType = wrapper.application; includeInIndex = 0; path = MultiCursorApp.app; sourceTree = BUILT_PRODUCTS_DIR; };
		A432A3E51F484CFB008465FA /* AppDelegate.swift */ = {isa = PBXFileReference; lastKnownFileType = sourcecode.swift; path = AppDelegate.swift; sourceTree = "<group>"; };
		A432A3E71F484CFB008465FA /* ViewController.swift */ = {isa = PBXFileReference; lastKnownFileType = sourcecode.swift; path = ViewController.swift; sourceTree = "<group>"; };
		A432A3E91F484CFB008465FA /* Assets.xcassets */ = {isa = PBXFileReference; lastKnownFileType = folder.assetcatalog; path = Assets.xcassets; sourceTree = "<group>"; };
		A432A3EC1F484CFB008465FA /* Base */ = {isa = PBXFileReference; lastKnownFileType = file.storyboard; name = Base; path = Base.lproj/Main.storyboard; sourceTree = "<group>"; };
		A432A3EE1F484CFB008465FA /* Info.plist */ = {isa = PBXFileReference; lastKnownFileType = text.plist.xml; path = Info.plist; sourceTree = "<group>"; };
		A432A3EF1F484CFB008465FA /* MultiCursorApp.entitlements */ = {isa = PBXFileReference; lastKnownFileType = text.plist.entitlements; path = MultiCursorApp.entitlements; sourceTree = "<group>"; };
/* End PBXFileReference section */

/* Begin PBXFrameworksBuildPhase section */
		A432A3DF1F484CFA008465FA /* Frameworks */ = {
			isa = PBXFrameworksBuildPhase;
			buildActionMask = 2147483647;
			files = (
			);
			runOnlyForDeploymentPostprocessing = 0;
		};
/* End PBXFrameworksBuildPhase section */

/* Begin PBXGroup section */
		A432A3D91F484CFA008465FA = {
			isa = PBXGroup;
			children = (
				A432A3E41F484CFB008465FA /* MultiCursorApp */,
				A432A3E31F484CFB008465FA /* Products */,
			);
			sourceTree = "<group>";
		};
		A432A3E31F484CFB008465FA /* Products */ = {
			isa = PBXGroup;
			children = (
				A432A3E21F484CFB008465FA /* MultiCursorApp.app */,
			);
			name = Products;
			sourceTree = "<group>";
		};
		A432A3E41F484CFB008465FA /* MultiCursorApp */ = {
			isa = PBXGroup;
			children = (
				A432A3E51F484CFB008465FA /* AppDelegate.swift */,
				A432A3E71F484CFB008465FA /* ViewController.swift */,
				A432A3E91F484CFB008465FA /* Assets.xcassets */,
				A432A3EB1F484CFB008465FA /* Main.storyboard */,
				A432A3EE1F484CFB008465FA /* Info.plist */,
				A432A3EF1F484CFB008465FA /* MultiCursorApp.entitlements */,
			);
			path = MultiCursorApp;
			sourceTree = "<group>";
		};
/* End PBXGroup section */

/* Begin PBXNativeTarget section */
		A432A3E11F484CFA008465FA /* MultiCursorApp */ = {
			isa = PBXNativeTarget;
			buildConfigurationList = A432A3F21F484CFB008465FA /* Build configuration list for PBXNativeTarget "MultiCursorApp" */;
			buildPhases = (
				A432A3DE1F484CFA008465FA /* Sources */,
				A432A3DF1F484CFA008465FA /* Frameworks */,
				A432A3E01F484CFA008465FA /* Resources */,
			);
			buildRules = (
			);
			dependencies = (
			);
			name = MultiCursorApp;
			productName = MultiCursorApp;
			productReference = A432A3E21F484CFB008465FA /* MultiCursorApp.app */;
			productType = "com.apple.product-type.application";
		};
/* End PBXNativeTarget section */

/* Begin PBXProject section */
		A432A3DA1F484CFA008465FA /* Project object */ = {
			isa = PBXProject;
			attributes = {
				LastSwiftUpdateCheck = 0900;
				LastUpgradeCheck = 0900;
				ORGANIZATIONNAME = ExSitu;
				TargetAttributes = {
					A432A3E11F484CFA008465FA = {
						CreatedOnToolsVersion = 9.0;
					};
				};
			};
			buildConfigurationList = A432A3DD1F484CFA008465FA /* Build configuration list for PBXProject "MultiCursorApp" */;
			compatibilityVersion = "Xcode 8.0";
			developmentRegion = en;
			hasScannedForEncodings = 0;
			knownRegions = (
				en,
				Base,
			);
			mainGroup = A432A3D91F484CFA008465FA;
			productRefGroup = A432A3E31F484CFB008465FA /* Products */;
			projectDirPath = "";
			projectRoot = "";
			targets = (
				A432A3E11F484CFA008465FA /* MultiCursorApp */,
			);
		};
/* End PBXProject section */

/* Begin PBXResourcesBuildPhase section */
		A432A3E01F484CFA008465FA /* Resources */ = {
			isa = PBXResourcesBuildPhase;
			buildActionMask = 2147483647;
			files = (
				A432A3EA1F484CFB008465FA /* Assets.xcassets in Resources */,
				A432A3ED1F484CFB008465FA /* Main.storyboard in Resources */,
			);
			runOnlyForDeploymentPostprocessing = 0;
		};
/* End PBXResourcesBuildPhase section */

/* Begin PBXSourcesBuildPhase section */
		A432A3DE1F484CFA008465FA /* Sources */ = {
			isa = PBXSourcesBuildPhase;
			buildActionMask = 2147483647;
			files = (
				A432A3E81F484CFB008465FA /* ViewController.swift in Sources */,
				A432A3E61F484CFB008465FA /* AppDelegate.swift in Sources */,
			);
			runOnlyForDeploymentPostprocessing = 0;
		};
/* End PBXSourcesBuildPhase section */

/* Begin PBXVariantGroup section */
		A432A3EB1F484CFB008465FA /* Main.storyboard */ = {
			isa = PBXVariantGroup;
			children = (
				A432A3EC1F484CFB008465FA /* Base */,
			);
			name = Main.storyboard;
			sourceTree = "<group>";
		};
/* End PBXVariantGroup section */

/* Begin XCBuildConfiguration section */
		A432A3F01F484CFB008465FA /* Debug */ = {
			isa = XCBuildConfiguration;
			buildSettings = {
				ALWAYS_SEARCH_USER_PATHS = NO;
				CLANG_ANALYZER_NONNULL = YES;
				CLANG_ANALYZER_NUMBER_OBJECT_CONVERSION = YES_AGGRESSIVE;
				CLANG_CXX_LANGUAGE_STANDARD = "gnu++14";
				CLANG_CXX_LIBRARY = "libc++";
				CLANG_ENABLE_MODULES = YES;
				CLANG_ENABLE_OBJC_ARC = YES;
				CLANG_WARN_BLOCK_CAPTURE_AUTORELEASING = YES;
				CLANG_WARN_BOOL_CONVERSION = YES;
				CLANG_WARN_COMMA = YES;
				CLANG_WARN_CONSTANT_CONVERSION = YES;
				CLANG_WARN_DIRECT_OBJC_ISA_USAGE = YES_ERROR;
				CLANG_WARN_DOCUMENTATION_COMMENTS = YES;
				CLANG_WARN_EMPTY_BODY = YES;
				CLANG_WARN_ENUM_CONVERSION = YES;
				CLANG_WARN_INFINITE_RECURSION = YES;
				CLANG_WARN_INT_CONVERSION = YES;
				CLANG_WARN_NON_LITERAL_NULL_CONVERSION = YES;
				CLANG_WARN_OBJC_LITERAL_CONVERSION = YES;
				CLANG_WARN_OBJC_ROOT_CLASS = YES_ERROR;
				CLANG_WARN_RANGE_LOOP_ANALYSIS = YES;
				CLANG_WARN_STRICT_PROTOTYPES = YES;
				CLANG_WARN_SUSPICIOUS_MOVE = YES;
				CLANG_WARN_UNGUARDED_AVAILABILITY = YES_AGGRESSIVE;
				CLANG_WARN_UNREACHABLE_CODE = YES;
				CLANG_WARN__DUPLICATE_METHOD_MATCH = YES;
				CODE_SIGN_IDENTITY = "Mac Developer";
				COPY_PHASE_STRIP = NO;
				DEBUG_INFORMATION_FORMAT = dwarf;
				ENABLE_STRICT_OBJC_MSGSEND = YES;
				ENABLE_TESTABILITY = YES;
				GCC_C_LANGUAGE_STANDARD = gnu11;
				GCC_DYNAMIC_NO_PIC = NO;
				GCC_NO_COMMON_BLOCKS = YES;
				GCC_OPTIMIZATION_LEVEL = 0;
				GCC_PREPROCESSOR_DEFINITIONS = (
					"DEBUG=1",
					"$(inherited)",
				);
				GCC_WARN_64_TO_32_BIT_CONVERSION = YES;
				GCC_WARN_ABOUT_RETURN_TYPE = YES_ERROR;
				GCC_WARN_UNDECLARED_SELECTOR = YES;
				GCC_WARN_UNINITIALIZED_AUTOS = YES_AGGRESSIVE;
				GCC_WARN_UNUSED_FUNCTION = YES;
				GCC_WARN_UNUSED_VARIABLE = YES;
				MACOSX_DEPLOYMENT_TARGET = 10.12;
				MTL_ENABLE_DEBUG_INFO = YES;
				ONLY_ACTIVE_ARCH = YES;
				SDKROOT = macosx;
				SWIFT_ACTIVE_COMPILATION_CONDITIONS = DEBUG;
				SWIFT_OPTIMIZATION_LEVEL = "-Onone";
			};
			name = Debug;
		};
		A432A3F11F484CFB008465FA /* Release */ = {
			isa = XCBuildConfiguration;
			buildSettings = {
				ALWAYS_SEARCH_USER_PATHS = NO;
				CLANG_ANALYZER_NONNULL = YES;
				CLANG_ANALYZER_NUMBER_OBJECT_CONVERSION = YES_AGGRESSIVE;
				CLANG_CXX_LANGUAGE_STANDARD = "gnu++14";
				CLANG_CXX_LIBRARY = "libc++";
				CLANG_ENABLE_MODULES = YES;
				CLANG_ENABLE_OBJC_ARC = YES;
				CLANG_WARN_BLOCK_CAPTURE_AUTORELEASING = YES;
				CLANG_WARN_BOOL_CONVERSION = YES;
				CLANG_WARN_COMMA = YES;
				CLANG_WARN_CONSTANT_CONVERSION = YES;
				CLANG_WARN_DIRECT_OBJC_ISA_USAGE = YES_ERROR;
				CLANG_WARN_DOCUMENTATION_COMMENTS = YES;
				CLANG_WARN_EMPTY_BODY = YES;
				CLANG_WARN_ENUM_CONVERSION = YES;
				CLANG_WARN_INFINITE_RECURSION = YES;
				CLANG_WARN_INT_CONVERSION = YES;
				CLANG_WARN_NON_LITERAL_NULL_CONVERSION = YES;
				CLANG_WARN_OBJC_LITERAL_CONVERSION = YES;
				CLANG_WARN_OBJC_ROOT_CLASS = YES_ERROR;
				CLANG_WARN_RANGE_LOOP_ANALYSIS = YES;
				CLANG_WARN_STRICT_PROTOTYPES = YES;
				CLANG_WARN_SUSPICIOUS_MOVE = YES;
				CLANG_WARN_UNGUARDED_AVAILABILITY = YES_AGGRESSIVE;
				CLANG_WARN_UNREACHABLE_CODE = YES;
				CLANG_WARN__DUPLICATE_METHOD_MATCH = YES;
				CODE_SIGN_IDENTITY = "Mac Developer";
				COPY_PHASE_STRIP = NO;
				DEBUG_INFORMATION_FORMAT = "dwarf-with-dsym";
				ENABLE_NS_ASSERTIONS = NO;
				ENABLE_STRICT_OBJC_MSGSEND = YES;
				GCC_C_LANGUAGE_STANDARD = gnu11;
				GCC_NO_COMMON_BLOCKS = YES;
				GCC_WARN_64_TO_32_BIT_CONVERSION = YES;
				GCC_WARN_ABOUT_RETURN_TYPE = YES_ERROR;
				GCC_WARN_UNDECLARED_SELECTOR = YES;
				GCC_WARN_UNINITIALIZED_AUTOS = YES_AGGRESSIVE;
				GCC_WARN_UNUSED_FUNCTION = YES;
				GCC_WARN_UNUSED_VARIABLE = YES;
				MACOSX_DEPLOYMENT_TARGET = 10.12;
				MTL_ENABLE_DEBUG_INFO = NO;
				SDKROOT = macosx;
				SWIFT_OPTIMIZATION_LEVEL = "-Owholemodule";
			};
			name = Release;
		};
		A432A3F31F484CFB008465FA /* Debug */ = {
			isa = XCBuildConfiguration;
			buildSettings = {
				ASSETCATALOG_COMPILER_APPICON_NAME = AppIcon;
				CODE_SIGN_ENTITLEMENTS = MultiCursorApp/MultiCursorApp.entitlements;
				COMBINE_HIDPI_IMAGES = YES;
				DEVELOPMENT_TEAM = NJZSW7J9AZ;
				INFOPLIST_FILE = MultiCursorApp/Info.plist;
				LD_RUNPATH_SEARCH_PATHS = "$(inherited) @executable_path/../Frameworks";
				PRODUCT_BUNDLE_IDENTIFIER = exsitu.lri.fr.MultiCursorApp;
				PRODUCT_NAME = "$(TARGET_NAME)";
				SWIFT_VERSION = 4.0;
			};
			name = Debug;
		};
		A432A3F41F484CFB008465FA /* Release */ = {
			isa = XCBuildConfiguration;
			buildSettings = {
				ASSETCATALOG_COMPILER_APPICON_NAME = AppIcon;
				CODE_SIGN_ENTITLEMENTS = MultiCursorApp/MultiCursorApp.entitlements;
				COMBINE_HIDPI_IMAGES = YES;
				DEVELOPMENT_TEAM = NJZSW7J9AZ;
				INFOPLIST_FILE = MultiCursorApp/Info.plist;
				LD_RUNPATH_SEARCH_PATHS = "$(inherited) @executable_path/../Frameworks";
				PRODUCT_BUNDLE_IDENTIFIER = exsitu.lri.fr.MultiCursorApp;
				PRODUCT_NAME = "$(TARGET_NAME)";
				SWIFT_VERSION = 4.0;
			};
			name = Release;
		};
/* End XCBuildConfiguration section */

/* Begin XCConfigurationList section */
		A432A3DD1F484CFA008465FA /* Build configuration list for PBXProject "MultiCursorApp" */ = {
			isa = XCConfigurationList;
			buildConfigurations = (
				A432A3F01F484CFB008465FA /* Debug */,
				A432A3F11F484CFB008465FA /* Release */,
			);
			defaultConfigurationIsVisible = 0;
			defaultConfigurationName = Release;
		};
		A432A3F21F484CFB008465FA /* Build configuration list for PBXNativeTarget "MultiCursorApp" */ = {
			isa = XCConfigurationList;
			buildConfigurations = (
				A432A3F31F484CFB008465FA /* Debug */,
				A432A3F41F484CFB008465FA /* Release */,
			);
			defaultConfigurationIsVisible = 0;
			defaultConfigurationName = Release;
		};
/* End XCConfigurationList section */
	};
	rootObject = A432A3DA1F484CFA008465FA /* Project object */;
}
